
Microsoft Visual Studio Solution File, Format Version 12.00
# Visual Studio Version 17
VisualStudioVersion = 17.8.34330.188
MinimumVisualStudioVersion = 10.0.40219.1
Project("{9A19103F-16F7-4668-BE54-9A1E7A4F7556}") = "MDriveSync.Client.API", "src\MDriveSync.Client.API\MDriveSync.Client.API.csproj", "{DB5108C3-4FCE-4EA0-AFF5-D152B95ABF7A}"
EndProject
Project("{9A19103F-16F7-4668-BE54-9A1E7A4F7556}") = "MDriveSync.Server.API", "src\MDriveSync.Server.API\MDriveSync.Server.API.csproj", "{DB493EFB-5438-4088-BA32-2A84E008DB01}"
EndProject
Project("{2150E333-8FDC-42A3-9474-1A3956D46DE8}") = "docs", "docs", "{0FF6CD64-0E94-4AD4-80C2-369B7019359D}"
	ProjectSection(SolutionItems) = preProject
		CHANGELOG.md = CHANGELOG.md
		docs\Compression.md = docs\Compression.md
		FileIgnore.md = FileIgnore.md
		README.md = README.md
	EndProjectSection
EndProject
Project("{9A19103F-16F7-4668-BE54-9A1E7A4F7556}") = "MDriveSync.Core", "src\MDriveSync.Core\MDriveSync.Core.csproj", "{279736DD-7A47-4F6D-8795-A8ED3278DD33}"
EndProject
Project("{2150E333-8FDC-42A3-9474-1A3956D46DE8}") = "scripts", "scripts", "{EE45B944-6991-42CB-8EA5-E9F7FE33DF58}"
	ProjectSection(SolutionItems) = preProject
		scripts\build.ps1 = scripts\build.ps1
		scripts\build.server.api.sh = scripts\build.server.api.sh
		scripts\docker-compose.yml = scripts\docker-compose.yml
	EndProjectSection
EndProject
Project("{9A19103F-16F7-4668-BE54-9A1E7A4F7556}") = "MDriveSync.Security", "src\MDriveSync.Security\MDriveSync.Security.csproj", "{25258960-ED11-4C31-8119-E91D7BB33C7C}"
EndProject
Project("{9A19103F-16F7-4668-BE54-9A1E7A4F7556}") = "MDriveSync.Infrastructure", "src\MDriveSync.Infrastructure\MDriveSync.Infrastructure.csproj", "{4D5DF593-BC91-4803-99AA-7872DFA98987}"
EndProject
Project("{2150E333-8FDC-42A3-9474-1A3956D46DE8}") = "tests", "tests", "{3CE27DBE-FA45-41B6-A170-A721CD66562B}"
EndProject
Project("{9A19103F-16F7-4668-BE54-9A1E7A4F7556}") = "MDriveSync.Client.App", "src\MDriveSync.Client.App\MDriveSync.Client.App.csproj", "{F648E4A2-E525-426F-A12C-F9ADAF8E211D}"
EndProject
Project("{9A19103F-16F7-4668-BE54-9A1E7A4F7556}") = "MDriveSync.Client.App.WinForm", "src\MDriveSync.Client.App.WinForm\MDriveSync.Client.App.WinForm.csproj", "{664D3037-D417-43A4-B9A8-2909C5D9D874}"
EndProject
Project("{FAE04EC0-301F-11D3-BF4B-00C04F79EFBC}") = "MDriveSync.Test", "src\MDriveSync.Test\MDriveSync.Test.csproj", "{CDA2FC3F-D3CC-4D25-93EA-926DE2CBAFBD}"
EndProject
Project("{FAE04EC0-301F-11D3-BF4B-00C04F79EFBC}") = "MDriveSync.Client", "src\MDriveSync.Client\MDriveSync.Client.csproj", "{6D137DB3-41A2-4B3A-AB4F-67D5DA851F7D}"
EndProject
Global
	GlobalSection(SolutionConfigurationPlatforms) = preSolution
		Debug|Any CPU = Debug|Any CPU
		Release|Any CPU = Release|Any CPU
	EndGlobalSection
	GlobalSection(ProjectConfigurationPlatforms) = postSolution
		{DB5108C3-4FCE-4EA0-AFF5-D152B95ABF7A}.Debug|Any CPU.ActiveCfg = Debug|Any CPU
		{DB5108C3-4FCE-4EA0-AFF5-D152B95ABF7A}.Debug|Any CPU.Build.0 = Debug|Any CPU
		{DB5108C3-4FCE-4EA0-AFF5-D152B95ABF7A}.Release|Any CPU.ActiveCfg = Release|Any CPU
		{DB5108C3-4FCE-4EA0-AFF5-D152B95ABF7A}.Release|Any CPU.Build.0 = Release|Any CPU
		{DB493EFB-5438-4088-BA32-2A84E008DB01}.Debug|Any CPU.ActiveCfg = Debug|Any CPU
		{DB493EFB-5438-4088-BA32-2A84E008DB01}.Debug|Any CPU.Build.0 = Debug|Any CPU
		{DB493EFB-5438-4088-BA32-2A84E008DB01}.Release|Any CPU.ActiveCfg = Release|Any CPU
		{DB493EFB-5438-4088-BA32-2A84E008DB01}.Release|Any CPU.Build.0 = Release|Any CPU
		{279736DD-7A47-4F6D-8795-A8ED3278DD33}.Debug|Any CPU.ActiveCfg = Debug|Any CPU
		{279736DD-7A47-4F6D-8795-A8ED3278DD33}.Debug|Any CPU.Build.0 = Debug|Any CPU
		{279736DD-7A47-4F6D-8795-A8ED3278DD33}.Release|Any CPU.ActiveCfg = Release|Any CPU
		{279736DD-7A47-4F6D-8795-A8ED3278DD33}.Release|Any CPU.Build.0 = Release|Any CPU
		{25258960-ED11-4C31-8119-E91D7BB33C7C}.Debug|Any CPU.ActiveCfg = Debug|Any CPU
		{25258960-ED11-4C31-8119-E91D7BB33C7C}.Debug|Any CPU.Build.0 = Debug|Any CPU
		{25258960-ED11-4C31-8119-E91D7BB33C7C}.Release|Any CPU.ActiveCfg = Release|Any CPU
		{25258960-ED11-4C31-8119-E91D7BB33C7C}.Release|Any CPU.Build.0 = Release|Any CPU
		{4D5DF593-BC91-4803-99AA-7872DFA98987}.Debug|Any CPU.ActiveCfg = Debug|Any CPU
		{4D5DF593-BC91-4803-99AA-7872DFA98987}.Debug|Any CPU.Build.0 = Debug|Any CPU
		{4D5DF593-BC91-4803-99AA-7872DFA98987}.Release|Any CPU.ActiveCfg = Release|Any CPU
		{4D5DF593-BC91-4803-99AA-7872DFA98987}.Release|Any CPU.Build.0 = Release|Any CPU
		{F648E4A2-E525-426F-A12C-F9ADAF8E211D}.Debug|Any CPU.ActiveCfg = Debug|Any CPU
		{F648E4A2-E525-426F-A12C-F9ADAF8E211D}.Debug|Any CPU.Build.0 = Debug|Any CPU
		{F648E4A2-E525-426F-A12C-F9ADAF8E211D}.Release|Any CPU.ActiveCfg = Release|Any CPU
		{F648E4A2-E525-426F-A12C-F9ADAF8E211D}.Release|Any CPU.Build.0 = Release|Any CPU
		{664D3037-D417-43A4-B9A8-2909C5D9D874}.Debug|Any CPU.ActiveCfg = Debug|Any CPU
		{664D3037-D417-43A4-B9A8-2909C5D9D874}.Debug|Any CPU.Build.0 = Debug|Any CPU
		{664D3037-D417-43A4-B9A8-2909C5D9D874}.Release|Any CPU.ActiveCfg = Release|Any CPU
		{664D3037-D417-43A4-B9A8-2909C5D9D874}.Release|Any CPU.Build.0 = Release|Any CPU
		{CDA2FC3F-D3CC-4D25-93EA-926DE2CBAFBD}.Debug|Any CPU.ActiveCfg = Debug|Any CPU
		{CDA2FC3F-D3CC-4D25-93EA-926DE2CBAFBD}.Debug|Any CPU.Build.0 = Debug|Any CPU
		{CDA2FC3F-D3CC-4D25-93EA-926DE2CBAFBD}.Release|Any CPU.ActiveCfg = Release|Any CPU
		{CDA2FC3F-D3CC-4D25-93EA-926DE2CBAFBD}.Release|Any CPU.Build.0 = Release|Any CPU
		{6D137DB3-41A2-4B3A-AB4F-67D5DA851F7D}.Debug|Any CPU.ActiveCfg = Debug|Any CPU
		{6D137DB3-41A2-4B3A-AB4F-67D5DA851F7D}.Debug|Any CPU.Build.0 = Debug|Any CPU
		{6D137DB3-41A2-4B3A-AB4F-67D5DA851F7D}.Release|Any CPU.ActiveCfg = Release|Any CPU
		{6D137DB3-41A2-4B3A-AB4F-67D5DA851F7D}.Release|Any CPU.Build.0 = Release|Any CPU
	EndGlobalSection
	GlobalSection(SolutionProperties) = preSolution
		HideSolutionNode = FALSE
	EndGlobalSection
	GlobalSection(NestedProjects) = preSolution
		{CDA2FC3F-D3CC-4D25-93EA-926DE2CBAFBD} = {3CE27DBE-FA45-41B6-A170-A721CD66562B}
	EndGlobalSection
	GlobalSection(ExtensibilityGlobals) = postSolution
		SolutionGuid = {A3F34F36-7CED-4A53-A203-D8F89661D42C}
	EndGlobalSection
EndGlobal
